Microsoft Visual Studio Solution File, Format Version 11.00
# Visual Studio 2008

Project("{05B021D5-440B-00FF-3E29-C6C4D1BAAA28}") = "SewerGame", "Assembly-CSharp-firstpass.csproj", "{5767A857-E501-3858-8728-9C52B2F1BD63}"
EndProject
Project("{05B021D5-440B-00FF-3E29-C6C4D1BAAA28}") = "SewerGame", "Assembly-CSharp.csproj", "{484F5BBF-3F7D-EF60-91A6-66576A7465ED}"
EndProject
Project("{05B021D5-440B-00FF-3E29-C6C4D1BAAA28}") = "SewerGame", "Assembly-CSharp-Editor.csproj", "{4938886C-F400-29BA-2777-495A4AE44618}"
EndProject
Global
	GlobalSection(SolutionConfigurationPlatforms) = preSolution
		Debug|Any CPU = Debug|Any CPU
		Release|Any CPU = Release|Any CPU
	EndGlobalSection
	GlobalSection(ProjectConfigurationPlatforms) = postSolution
		{5767A857-E501-3858-8728-9C52B2F1BD63}.Debug|Any CPU.ActiveCfg = Debug|Any CPU
		{5767A857-E501-3858-8728-9C52B2F1BD63}.Debug|Any CPU.Build.0 = Debug|Any CPU
		{5767A857-E501-3858-8728-9C52B2F1BD63}.Release|Any CPU.ActiveCfg = Release|Any CPU
		{5767A857-E501-3858-8728-9C52B2F1BD63}.Release|Any CPU.Build.0 = Release|Any CPU
		{484F5BBF-3F7D-EF60-91A6-66576A7465ED}.Debug|Any CPU.ActiveCfg = Debug|Any CPU
		{484F5BBF-3F7D-EF60-91A6-66576A7465ED}.Debug|Any CPU.Build.0 = Debug|Any CPU
		{484F5BBF-3F7D-EF60-91A6-66576A7465ED}.Release|Any CPU.ActiveCfg = Release|Any CPU
		{484F5BBF-3F7D-EF60-91A6-66576A7465ED}.Release|Any CPU.Build.0 = Release|Any CPU
		{4938886C-F400-29BA-2777-495A4AE44618}.Debug|Any CPU.ActiveCfg = Debug|Any CPU
		{4938886C-F400-29BA-2777-495A4AE44618}.Debug|Any CPU.Build.0 = Debug|Any CPU
		{4938886C-F400-29BA-2777-495A4AE44618}.Release|Any CPU.ActiveCfg = Release|Any CPU
		{4938886C-F400-29BA-2777-495A4AE44618}.Release|Any CPU.Build.0 = Release|Any CPU
	EndGlobalSection
	GlobalSection(SolutionProperties) = preSolution
		HideSolutionNode = FALSE
	EndGlobalSection
	GlobalSection(MonoDevelopProperties) = preSolution
		StartupItem = Assembly-CSharp.csproj
	EndGlobalSection
EndGlobal
